# THIS IS AN AUTOGENERATED FILE. DO NOT EDIT THIS FILE DIRECTLY.
# yarn lockfile v1


balanced-match@^1.0.0:
  version "1.0.0"
  resolved "https://registry.yarnpkg.com/balanced-match/-/balanced-match-1.0.0.tgz#89b4d199ab2bee49de164ea02b89ce462d71b767"
  integrity sha1-ibTRmasr7kneFk6gK4nORi1xt2c=

beachball@^1.10.2:
  version "1.10.2"
  resolved "https://registry.yarnpkg.com/beachball/-/beachball-1.10.2.tgz#ca35c33e9064ee7951422b13384ac8f49df0985b"
  integrity sha512-YfObcx2G9Knvzkuy+IUk7mJuO+QLPmg+LHiXKuBNgIUtZDg10LBO5c/wgCEbk5TP1ZKxL2x/bqrHARGjCyLOXg==
  dependencies:
    fs-extra "^8.0.1"
    git-url-parse "^11.1.2"
    glob "^7.1.4"
    prompts "~2.1.0"
    semver "^6.1.1"
    yargs-parser "^13.1.0"

brace-expansion@^1.1.7:
  version "1.1.11"
  resolved "https://registry.yarnpkg.com/brace-expansion/-/brace-expansion-1.1.11.tgz#3c7fcbf529d87226f3d2f52b966ff5271eb441dd"
  integrity sha512-iCuPHDFgrHX7H2vEI/5xpz07zSHB00TpugqhmYtVmMO6518mCuRMoOYFldEBl0g187ufozdaHgWKcYFb61qGiA==
  dependencies:
    balanced-match "^1.0.0"
    concat-map "0.0.1"

camelcase@^5.0.0:
  version "5.3.1"
  resolved "https://registry.yarnpkg.com/camelcase/-/camelcase-5.3.1.tgz#e3c9b31569e106811df242f715725a1f4c494320"
  integrity sha512-L28STB170nwWS63UjtlEOE3dldQApaJXZkOI1uMFfzf3rRuPegHaHesyee+YxQ+W6SvRDQV6UrdOdRiR153wJg==

concat-map@0.0.1:
  version "0.0.1"
  resolved "https://registry.yarnpkg.com/concat-map/-/concat-map-0.0.1.tgz#d8a96bd77fd68df7793a73036a3ba0d5405d477b"
  integrity sha1-2Klr13/Wjfd5OnMDajug1UBdR3s=

decamelize@^1.2.0:
  version "1.2.0"
  resolved "https://registry.yarnpkg.com/decamelize/-/decamelize-1.2.0.tgz#f6534d15148269b20352e7bee26f501f9a191290"
  integrity sha1-9lNNFRSCabIDUue+4m9QH5oZEpA=

fs-extra@^8.0.1:
  version "8.1.0"
  resolved "https://registry.yarnpkg.com/fs-extra/-/fs-extra-8.1.0.tgz#49d43c45a88cd9677668cb7be1b46efdb8d2e1c0"
  integrity sha512-yhlQgA6mnOJUKOsRUFsgJdQCvkKhcz8tlZG5HBQfReYZy46OwLcY+Zia0mtdHsOo9y/hP+CxMN0TU9QxoOtG4g==
  dependencies:
    graceful-fs "^4.2.0"
    jsonfile "^4.0.0"
    universalify "^0.1.0"

fs.realpath@^1.0.0:
  version "1.0.0"
  resolved "https://registry.yarnpkg.com/fs.realpath/-/fs.realpath-1.0.0.tgz#1504ad2523158caa40db4a2787cb01411994ea4f"
  integrity sha1-FQStJSMVjKpA20onh8sBQRmU6k8=

git-up@^4.0.0:
  version "4.0.1"
  resolved "https://registry.yarnpkg.com/git-up/-/git-up-4.0.1.tgz#cb2ef086653640e721d2042fe3104857d89007c0"
  integrity sha512-LFTZZrBlrCrGCG07/dm1aCjjpL1z9L3+5aEeI9SBhAqSc+kiA9Or1bgZhQFNppJX6h/f5McrvJt1mQXTFm6Qrw==
  dependencies:
    is-ssh "^1.3.0"
    parse-url "^5.0.0"

git-url-parse@^11.1.2:
  version "11.1.2"
  resolved "https://registry.yarnpkg.com/git-url-parse/-/git-url-parse-11.1.2.tgz#aff1a897c36cc93699270587bea3dbcbbb95de67"
  integrity sha512-gZeLVGY8QVKMIkckncX+iCq2/L8PlwncvDFKiWkBn9EtCfYDbliRTTp6qzyQ1VMdITUfq7293zDzfpjdiGASSQ==
  dependencies:
    git-up "^4.0.0"

glob@^7.1.4:
  version "7.1.4"
  resolved "https://registry.yarnpkg.com/glob/-/glob-7.1.4.tgz#aa608a2f6c577ad357e1ae5a5c26d9a8d1969255"
  integrity sha512-hkLPepehmnKk41pUGm3sYxoFs/umurYfYJCerbXEyFIWcAzvpipAgVkBqqT9RBKMGjnq6kMuyYwha6csxbiM1A==
  dependencies:
    fs.realpath "^1.0.0"
    inflight "^1.0.4"
    inherits "2"
    minimatch "^3.0.4"
    once "^1.3.0"
    path-is-absolute "^1.0.0"

graceful-fs@^4.1.6, graceful-fs@^4.2.0:
  version "4.2.0"
  resolved "https://registry.yarnpkg.com/graceful-fs/-/graceful-fs-4.2.0.tgz#8d8fdc73977cb04104721cb53666c1ca64cd328b"
  integrity sha512-jpSvDPV4Cq/bgtpndIWbI5hmYxhQGHPC4d4cqBPb4DLniCfhJokdXhwhaDuLBGLQdvvRum/UiX6ECVIPvDXqdg==

inflight@^1.0.4:
  version "1.0.6"
  resolved "https://registry.yarnpkg.com/inflight/-/inflight-1.0.6.tgz#49bd6331d7d02d0c09bc910a1075ba8165b56df9"
  integrity sha1-Sb1jMdfQLQwJvJEKEHW6gWW1bfk=
  dependencies:
    once "^1.3.0"
    wrappy "1"

inherits@2:
  version "2.0.4"
  resolved "https://registry.yarnpkg.com/inherits/-/inherits-2.0.4.tgz#0fa2c64f932917c3433a0ded55363aae37416b7c"
  integrity sha512-k/vGaX4/Yla3WzyMCvTQOXYeIHvqOKtnqBduzTHpzpQZzAskKMhZ2K+EnBiSM9zGSoIFeMpXKxa4dYeZIQqewQ==

is-ssh@^1.3.0:
  version "1.3.1"
  resolved "https://registry.yarnpkg.com/is-ssh/-/is-ssh-1.3.1.tgz#f349a8cadd24e65298037a522cf7520f2e81a0f3"
  integrity sha512-0eRIASHZt1E68/ixClI8bp2YK2wmBPVWEismTs6M+M099jKgrzl/3E976zIbImSIob48N2/XGe9y7ZiYdImSlg==
  dependencies:
    protocols "^1.1.0"

jsonfile@^4.0.0:
  version "4.0.0"
  resolved "https://registry.yarnpkg.com/jsonfile/-/jsonfile-4.0.0.tgz#8771aae0799b64076b76640fca058f9c10e33ecb"
  integrity sha1-h3Gq4HmbZAdrdmQPygWPnBDjPss=
  optionalDependencies:
    graceful-fs "^4.1.6"

kleur@^3.0.2:
  version "3.0.3"
  resolved "https://registry.yarnpkg.com/kleur/-/kleur-3.0.3.tgz#a79c9ecc86ee1ce3fa6206d1216c501f147fc07e"
  integrity sha512-eTIzlVOSUR+JxdDFepEYcBMtZ9Qqdef+rnzWdRZuMbOywu5tO2w2N7rqjoANZ5k9vywhL6Br1VRjUIgTQx4E8w==

minimatch@^3.0.4:
  version "3.0.4"
  resolved "https://registry.yarnpkg.com/minimatch/-/minimatch-3.0.4.tgz#5166e286457f03306064be5497e8dbb0c3d32083"
  integrity sha512-yJHVQEhyqPLUTgt9B83PXu6W3rx4MvvHvSUvToogpwoGDOUQ+yDrR0HRot+yOCdCO7u4hX3pWft6kWBBcqh0UA==
  dependencies:
    brace-expansion "^1.1.7"

normalize-url@^3.3.0:
  version "3.3.0"
  resolved "https://registry.yarnpkg.com/normalize-url/-/normalize-url-3.3.0.tgz#b2e1c4dc4f7c6d57743df733a4f5978d18650559"
  integrity sha512-U+JJi7duF1o+u2pynbp2zXDW2/PADgC30f0GsHZtRh+HOcXHnw137TrNlyxxRvWW5fjKd3bcLHPxofWuCjaeZg==

once@^1.3.0:
  version "1.4.0"
  resolved "https://registry.yarnpkg.com/once/-/once-1.4.0.tgz#583b1aa775961d4b113ac17d9c50baef9dd76bd1"
  integrity sha1-WDsap3WWHUsROsF9nFC6753Xa9E=
  dependencies:
    wrappy "1"

parse-path@^4.0.0:
  version "4.0.1"
  resolved "https://registry.yarnpkg.com/parse-path/-/parse-path-4.0.1.tgz#0ec769704949778cb3b8eda5e994c32073a1adff"
  integrity sha512-d7yhga0Oc+PwNXDvQ0Jv1BuWkLVPXcAoQ/WREgd6vNNoKYaW52KI+RdOFjI63wjkmps9yUE8VS4veP+AgpQ/hA==
  dependencies:
    is-ssh "^1.3.0"
    protocols "^1.4.0"

parse-url@^5.0.0:
  version "5.0.1"
  resolved "https://registry.yarnpkg.com/parse-url/-/parse-url-5.0.1.tgz#99c4084fc11be14141efa41b3d117a96fcb9527f"
  integrity sha512-flNUPP27r3vJpROi0/R3/2efgKkyXqnXwyP1KQ2U0SfFRgdizOdWfvrrvJg1LuOoxs7GQhmxJlq23IpQ/BkByg==
  dependencies:
    is-ssh "^1.3.0"
    normalize-url "^3.3.0"
    parse-path "^4.0.0"
    protocols "^1.4.0"

path-is-absolute@^1.0.0:
  version "1.0.1"
  resolved "https://registry.yarnpkg.com/path-is-absolute/-/path-is-absolute-1.0.1.tgz#174b9268735534ffbc7ace6bf53a5a9e1b5c5f5f"
  integrity sha1-F0uSaHNVNP+8es5r9TpanhtcX18=

prompts@~2.1.0:
  version "2.1.0"
  resolved "https://registry.yarnpkg.com/prompts/-/prompts-2.1.0.tgz#bf90bc71f6065d255ea2bdc0fe6520485c1b45db"
  integrity sha512-+x5TozgqYdOwWsQFZizE/Tra3fKvAoy037kOyU6cgz84n8f6zxngLOV4O32kTwt9FcLCxAqw0P/c8rOr9y+Gfg==
  dependencies:
    kleur "^3.0.2"
    sisteransi "^1.0.0"

protocols@^1.1.0, protocols@^1.4.0:
  version "1.4.7"
  resolved "https://registry.yarnpkg.com/protocols/-/protocols-1.4.7.tgz#95f788a4f0e979b291ffefcf5636ad113d037d32"
  integrity sha512-Fx65lf9/YDn3hUX08XUc0J8rSux36rEsyiv21ZGUC1mOyeM3lTRpZLcrm8aAolzS4itwVfm7TAPyxC2E5zd6xg==

semver@^6.1.1:
  version "6.3.0"
  resolved "https://registry.yarnpkg.com/semver/-/semver-6.3.0.tgz#ee0a64c8af5e8ceea67687b133761e1becbd1d3d"
  integrity sha512-b39TBaTSfV6yBrapU89p5fKekE2m/NwnDocOVruQFS1/veMgdzuPcnOM34M6CwxW8jH/lxEa5rBoDeUwu5HHTw==

sisteransi@^1.0.0:
  version "1.0.2"
  resolved "https://registry.yarnpkg.com/sisteransi/-/sisteransi-1.0.2.tgz#ec57d64b6f25c4f26c0e2c7dd23f2d7f12f7e418"
  integrity sha512-ZcYcZcT69nSLAR2oLN2JwNmLkJEKGooFMCdvOkFrToUt/WfcRWqhIg4P4KwY4dmLbuyXIx4o4YmPsvMRJYJd/w==

universalify@^0.1.0:
  version "0.1.2"
  resolved "https://registry.yarnpkg.com/universalify/-/universalify-0.1.2.tgz#b646f69be3942dabcecc9d6639c80dc105efaa66"
  integrity sha512-rBJeI5CXAlmy1pV+617WB9J63U6XcazHHF2f2dbJix4XzpUF0RS3Zbj0FGIOCAva5P/d/GBOYaACQ1w+0azUkg==

wrappy@1:
  version "1.0.2"
  resolved "https://registry.yarnpkg.com/wrappy/-/wrappy-1.0.2.tgz#b5243d8f3ec1aa35f1364605bc0d1036e30ab69f"
  integrity sha1-tSQ9jz7BqjXxNkYFvA0QNuMKtp8=

yargs-parser@^13.1.0:
  version "13.1.1"
  resolved "https://registry.yarnpkg.com/yargs-parser/-/yargs-parser-13.1.1.tgz#d26058532aa06d365fe091f6a1fc06b2f7e5eca0"
  integrity sha512-oVAVsHz6uFrg3XQheFII8ESO2ssAf9luWuAd6Wexsu4F3OtIW0o8IribPXYrD4WC24LWtPrJlGy87y5udK+dxQ==
  dependencies:
    camelcase "^5.0.0"
    decamelize "^1.2.0"
